// !$*UTF8*$!
{
	archiveVersion = 1;
	classes = {
	};
	objectVersion = 46;
	objects = {

/* Begin PBXBuildFile section */
		2285529B29D246ADA43EBE3B /* libPods.a in Frameworks */ = {isa = PBXBuildFile; fileRef = C838434D40344DB6ACBA0934 /* libPods.a */; };
		4D1EBD03ABAE4629ABC4EC25 /* libPods-test.a in Frameworks */ = {isa = PBXBuildFile; fileRef = 20E63516F4164473AAF796D7 /* libPods-test.a */; };
		C31776EC170259CA0010DE26 /* BDKCFModel.m in Sources */ = {isa = PBXBuildFile; fileRef = C31776EB170259CA0010DE26 /* BDKCFModel.m */; };
		C31776EF170259D70010DE26 /* BDKCFUser.m in Sources */ = {isa = PBXBuildFile; fileRef = C31776EE170259D70010DE26 /* BDKCFUser.m */; };
		C31776F2170260CE0010DE26 /* BDKLPAuthorizationData.m in Sources */ = {isa = PBXBuildFile; fileRef = C31776F1170260CE0010DE26 /* BDKLPAuthorizationData.m */; };
		C31776F5170261450010DE26 /* BDKLPIdentity.m in Sources */ = {isa = PBXBuildFile; fileRef = C31776F4170261440010DE26 /* BDKLPIdentity.m */; };
		C31776F8170262130010DE26 /* BDKLPAccount.m in Sources */ = {isa = PBXBuildFile; fileRef = C31776F7170262130010DE26 /* BDKLPAccount.m */; };
		C31776FB170284CE0010DE26 /* BDKCFUpload.m in Sources */ = {isa = PBXBuildFile; fileRef = C31776FA170284CE0010DE26 /* BDKCFUpload.m */; };
		C31776FE170288690010DE26 /* BDKCFRoom.m in Sources */ = {isa = PBXBuildFile; fileRef = C31776FD170288690010DE26 /* BDKCFRoom.m */; };
		C317770117028B870010DE26 /* BDKCFMessage.m in Sources */ = {isa = PBXBuildFile; fileRef = C317770017028B860010DE26 /* BDKCFMessage.m */; };
		C317770617028F3F0010DE26 /* BDKCFAccount.m in Sources */ = {isa = PBXBuildFile; fileRef = C317770517028F3F0010DE26 /* BDKCFAccount.m */; };
		C356BEA616FF8F8300F7A031 /* UIKit.framework in Frameworks */ = {isa = PBXBuildFile; fileRef = C356BEA516FF8F8300F7A031 /* UIKit.framework */; };
		C356BEA816FF8F8300F7A031 /* Foundation.framework in Frameworks */ = {isa = PBXBuildFile; fileRef = C356BEA716FF8F8300F7A031 /* Foundation.framework */; };
		C356BEAA16FF8F8300F7A031 /* CoreGraphics.framework in Frameworks */ = {isa = PBXBuildFile; fileRef = C356BEA916FF8F8300F7A031 /* CoreGraphics.framework */; };
		C356BEAC16FF8F8300F7A031 /* CoreData.framework in Frameworks */ = {isa = PBXBuildFile; fileRef = C356BEAB16FF8F8300F7A031 /* CoreData.framework */; };
		C356BEC916FF8F8300F7A031 /* SenTestingKit.framework in Frameworks */ = {isa = PBXBuildFile; fileRef = C356BEC816FF8F8300F7A031 /* SenTestingKit.framework */; };
		C356BECA16FF8F8300F7A031 /* UIKit.framework in Frameworks */ = {isa = PBXBuildFile; fileRef = C356BEA516FF8F8300F7A031 /* UIKit.framework */; };
		C356BECB16FF8F8300F7A031 /* Foundation.framework in Frameworks */ = {isa = PBXBuildFile; fileRef = C356BEA716FF8F8300F7A031 /* Foundation.framework */; };
		C356BECC16FF8F8300F7A031 /* CoreData.framework in Frameworks */ = {isa = PBXBuildFile; fileRef = C356BEAB16FF8F8300F7A031 /* CoreData.framework */; };
		C356BED416FF8F8300F7A031 /* InfoPlist.strings in Resources */ = {isa = PBXBuildFile; fileRef = C356BED216FF8F8300F7A031 /* InfoPlist.strings */; };
		C356BED716FF8F8300F7A031 /* MarshmallowTests.m in Sources */ = {isa = PBXBuildFile; fileRef = C356BED616FF8F8300F7A031 /* MarshmallowTests.m */; };
		C356BEF016FF93CA00F7A031 /* BDKAppDelegate.m in Sources */ = {isa = PBXBuildFile; fileRef = C356BEE316FF93CA00F7A031 /* BDKAppDelegate.m */; };
		C356BEF116FF93CA00F7A031 /* main.m in Sources */ = {isa = PBXBuildFile; fileRef = C356BEE416FF93CA00F7A031 /* main.m */; };
		C356BEF216FF93CA00F7A031 /* Marshmallow.xcdatamodeld in Sources */ = {isa = PBXBuildFile; fileRef = C356BEE716FF93CA00F7A031 /* Marshmallow.xcdatamodeld */; };
		C356BEF316FF93CA00F7A031 /* Default-568h@2x.png in Resources */ = {isa = PBXBuildFile; fileRef = C356BEEA16FF93CA00F7A031 /* Default-568h@2x.png */; };
		C356BEF416FF93CA00F7A031 /* Default.png in Resources */ = {isa = PBXBuildFile; fileRef = C356BEEB16FF93CA00F7A031 /* Default.png */; };
		C356BEF516FF93CA00F7A031 /* Default@2x.png in Resources */ = {isa = PBXBuildFile; fileRef = C356BEEC16FF93CA00F7A031 /* Default@2x.png */; };
		C356BEF616FF93CA00F7A031 /* InfoPlist.strings in Resources */ = {isa = PBXBuildFile; fileRef = C356BEED16FF93CA00F7A031 /* InfoPlist.strings */; };
		C356BEFA16FF971300F7A031 /* BDKLog.m in Sources */ = {isa = PBXBuildFile; fileRef = C356BEF916FF971300F7A031 /* BDKLog.m */; };
		C356BEFF16FF998E00F7A031 /* BDKViewController.m in Sources */ = {isa = PBXBuildFile; fileRef = C356BEFE16FF998E00F7A031 /* BDKViewController.m */; };
		C356BF0216FF9ACD00F7A031 /* Podfile in Resources */ = {isa = PBXBuildFile; fileRef = C356BF0016FF9ACD00F7A031 /* Podfile */; };
		C356BF0316FF9ACD00F7A031 /* readme.markdown in Resources */ = {isa = PBXBuildFile; fileRef = C356BF0116FF9ACD00F7A031 /* readme.markdown */; };
		C356BF0616FF9BC600F7A031 /* BDKCollectionViewController.m in Sources */ = {isa = PBXBuildFile; fileRef = C356BF0516FF9BC600F7A031 /* BDKCollectionViewController.m */; };
		C356BF0916FF9E0100F7A031 /* BDKTableViewController.m in Sources */ = {isa = PBXBuildFile; fileRef = C356BF0816FF9E0100F7A031 /* BDKTableViewController.m */; };
		C356BF0D16FFA02D00F7A031 /* BDKLoginViewController.m in Sources */ = {isa = PBXBuildFile; fileRef = C356BF0C16FFA02D00F7A031 /* BDKLoginViewController.m */; };
		C356BF1216FFA4C800F7A031 /* BDKTextFieldCell.m in Sources */ = {isa = PBXBuildFile; fileRef = C356BF1116FFA4C800F7A031 /* BDKTextFieldCell.m */; };
		C356BF1616FFA6B100F7A031 /* UIFont+App.m in Sources */ = {isa = PBXBuildFile; fileRef = C356BF1516FFA6B100F7A031 /* UIFont+App.m */; };
		C356BF1F16FFAA5F00F7A031 /* RobotoCondensed-Bold.ttf in Resources */ = {isa = PBXBuildFile; fileRef = C356BF1916FFAA5F00F7A031 /* RobotoCondensed-Bold.ttf */; };
		C356BF2016FFAA5F00F7A031 /* RobotoCondensed-BoldItalic.ttf in Resources */ = {isa = PBXBuildFile; fileRef = C356BF1A16FFAA5F00F7A031 /* RobotoCondensed-BoldItalic.ttf */; };
		C356BF2116FFAA5F00F7A031 /* RobotoCondensed-Italic.ttf in Resources */ = {isa = PBXBuildFile; fileRef = C356BF1B16FFAA5F00F7A031 /* RobotoCondensed-Italic.ttf */; };
		C356BF2216FFAA5F00F7A031 /* RobotoCondensed-Light.ttf in Resources */ = {isa = PBXBuildFile; fileRef = C356BF1C16FFAA5F00F7A031 /* RobotoCondensed-Light.ttf */; };
		C356BF2316FFAA5F00F7A031 /* RobotoCondensed-LightItalic.ttf in Resources */ = {isa = PBXBuildFile; fileRef = C356BF1D16FFAA5F00F7A031 /* RobotoCondensed-LightItalic.ttf */; };
		C356BF2416FFAA5F00F7A031 /* RobotoCondensed-Regular.ttf in Resources */ = {isa = PBXBuildFile; fileRef = C356BF1E16FFAA5F00F7A031 /* RobotoCondensed-Regular.ttf */; };
		C3632ECA17013A4A0028C794 /* BDKRoomsViewController.m in Sources */ = {isa = PBXBuildFile; fileRef = C3632EC917013A4A0028C794 /* BDKRoomsViewController.m */; };
		C3632ECD17013A750028C794 /* UINavigationController+BDKKit.m in Sources */ = {isa = PBXBuildFile; fileRef = C3632ECC17013A750028C794 /* UINavigationController+BDKKit.m */; };
		C36819DE17079DCB002C6742 /* BDKModel.m in Sources */ = {isa = PBXBuildFile; fileRef = C36819DD17079DCB002C6742 /* BDKModel.m */; };
		C36819FC17079DE4002C6742 /* BDKAccount.m in Sources */ = {isa = PBXBuildFile; fileRef = C36819E017079DE4002C6742 /* BDKAccount.m */; };
		C36819FD17079DE4002C6742 /* BDKIdentity.m in Sources */ = {isa = PBXBuildFile; fileRef = C36819E217079DE4002C6742 /* BDKIdentity.m */; };
		C36819FE17079DE4002C6742 /* BDKLaunchpadAccount.m in Sources */ = {isa = PBXBuildFile; fileRef = C36819E417079DE4002C6742 /* BDKLaunchpadAccount.m */; };
		C36819FF17079DE4002C6742 /* BDKMessage.m in Sources */ = {isa = PBXBuildFile; fileRef = C36819E617079DE4002C6742 /* BDKMessage.m */; };
		C3681A0017079DE4002C6742 /* BDKRoom.m in Sources */ = {isa = PBXBuildFile; fileRef = C36819E817079DE4002C6742 /* BDKRoom.m */; };
		C3681A0117079DE4002C6742 /* BDKUpload.m in Sources */ = {isa = PBXBuildFile; fileRef = C36819EA17079DE4002C6742 /* BDKUpload.m */; };
		C3681A0217079DE4002C6742 /* BDKUser.m in Sources */ = {isa = PBXBuildFile; fileRef = C36819EC17079DE4002C6742 /* BDKUser.m */; };
		C3681A0317079DE4002C6742 /* _BDKAccount.m in Sources */ = {isa = PBXBuildFile; fileRef = C36819EF17079DE4002C6742 /* _BDKAccount.m */; };
		C3681A0417079DE4002C6742 /* _BDKIdentity.m in Sources */ = {isa = PBXBuildFile; fileRef = C36819F117079DE4002C6742 /* _BDKIdentity.m */; };
		C3681A0517079DE4002C6742 /* _BDKLaunchpadAccount.m in Sources */ = {isa = PBXBuildFile; fileRef = C36819F317079DE4002C6742 /* _BDKLaunchpadAccount.m */; };
		C3681A0617079DE4002C6742 /* _BDKMessage.m in Sources */ = {isa = PBXBuildFile; fileRef = C36819F517079DE4002C6742 /* _BDKMessage.m */; };
		C3681A0717079DE4002C6742 /* _BDKRoom.m in Sources */ = {isa = PBXBuildFile; fileRef = C36819F717079DE4002C6742 /* _BDKRoom.m */; };
		C3681A0817079DE4002C6742 /* _BDKUpload.m in Sources */ = {isa = PBXBuildFile; fileRef = C36819F917079DE4002C6742 /* _BDKUpload.m */; };
		C3681A0917079DE4002C6742 /* _BDKUser.m in Sources */ = {isa = PBXBuildFile; fileRef = C36819FB17079DE4002C6742 /* _BDKUser.m */; };
		C3966E9F170B9D2D00ED89B7 /* BDKRoomCollectionCell.m in Sources */ = {isa = PBXBuildFile; fileRef = C3966E9E170B9D2D00ED89B7 /* BDKRoomCollectionCell.m */; };
		C3966EA2170BA96B00ED89B7 /* BDKGradientView.m in Sources */ = {isa = PBXBuildFile; fileRef = C3966EA1170BA96B00ED89B7 /* BDKGradientView.m */; };
		C3EBE2CA1709FC1000B92281 /* Icon-72.png in Resources */ = {isa = PBXBuildFile; fileRef = C3EBE2C01709FC1000B92281 /* Icon-72.png */; };
		C3EBE2CB1709FC1000B92281 /* Icon-72@2x.png in Resources */ = {isa = PBXBuildFile; fileRef = C3EBE2C11709FC1000B92281 /* Icon-72@2x.png */; };
		C3EBE2CC1709FC1000B92281 /* Icon-Small-50.png in Resources */ = {isa = PBXBuildFile; fileRef = C3EBE2C21709FC1000B92281 /* Icon-Small-50.png */; };
		C3EBE2CD1709FC1000B92281 /* Icon-Small-50@2x.png in Resources */ = {isa = PBXBuildFile; fileRef = C3EBE2C31709FC1000B92281 /* Icon-Small-50@2x.png */; };
		C3EBE2CE1709FC1000B92281 /* Icon-Small.png in Resources */ = {isa = PBXBuildFile; fileRef = C3EBE2C41709FC1000B92281 /* Icon-Small.png */; };
		C3EBE2CF1709FC1000B92281 /* Icon-Small@2x.png in Resources */ = {isa = PBXBuildFile; fileRef = C3EBE2C51709FC1000B92281 /* Icon-Small@2x.png */; };
		C3EBE2D01709FC1000B92281 /* Icon.png in Resources */ = {isa = PBXBuildFile; fileRef = C3EBE2C61709FC1000B92281 /* Icon.png */; };
		C3EBE2D11709FC1000B92281 /* Icon@2x.png in Resources */ = {isa = PBXBuildFile; fileRef = C3EBE2C71709FC1000B92281 /* Icon@2x.png */; };
		C3EBE2D21709FC1000B92281 /* iTunesArtwork.png in Resources */ = {isa = PBXBuildFile; fileRef = C3EBE2C81709FC1000B92281 /* iTunesArtwork.png */; };
		C3EBE2D31709FC1000B92281 /* iTunesArtwork@2x.png in Resources */ = {isa = PBXBuildFile; fileRef = C3EBE2C91709FC1000B92281 /* iTunesArtwork@2x.png */; };
		C3FD9E4B16FFB7530099E595 /* BDKCampfireClient.m in Sources */ = {isa = PBXBuildFile; fileRef = C3FD9E4A16FFB7530099E595 /* BDKCampfireClient.m */; };
		C3FD9E4E16FFB78D0099E595 /* BDKAPIClient.m in Sources */ = {isa = PBXBuildFile; fileRef = C3FD9E4D16FFB78D0099E595 /* BDKAPIClient.m */; };
		C3FD9E5016FFB7FC0099E595 /* QuartzCore.framework in Frameworks */ = {isa = PBXBuildFile; fileRef = C3FD9E4F16FFB7FC0099E595 /* QuartzCore.framework */; };
		C3FD9E5216FFB8040099E595 /* SystemConfiguration.framework in Frameworks */ = {isa = PBXBuildFile; fileRef = C3FD9E5116FFB8040099E595 /* SystemConfiguration.framework */; };
		C3FD9E5516FFB84A0099E595 /* NSString+BDKKit.m in Sources */ = {isa = PBXBuildFile; fileRef = C3FD9E5416FFB84A0099E595 /* NSString+BDKKit.m */; };
		C3FD9E5716FFB8E00099E595 /* MobileCoreServices.framework in Frameworks */ = {isa = PBXBuildFile; fileRef = C3FD9E5616FFB8E00099E595 /* MobileCoreServices.framework */; };
		C3FD9E5A16FFBAF00099E595 /* BDKWebViewController.m in Sources */ = {isa = PBXBuildFile; fileRef = C3FD9E5916FFBAF00099E595 /* BDKWebViewController.m */; };
		C3FD9E5F16FFBF710099E595 /* APIKeys.plist in Resources */ = {isa = PBXBuildFile; fileRef = C3FD9E5E16FFBF710099E595 /* APIKeys.plist */; };
		C3FD9E6216FFEACC0099E595 /* BDKAPIKeyManager.m in Sources */ = {isa = PBXBuildFile; fileRef = C3FD9E6116FFEACC0099E595 /* BDKAPIKeyManager.m */; };
		C3FD9E6516FFEF7A0099E595 /* BDKLaunchpadClient.m in Sources */ = {isa = PBXBuildFile; fileRef = C3FD9E6416FFEF7A0099E595 /* BDKLaunchpadClient.m */; };
/* End PBXBuildFile section */

/* Begin PBXContainerItemProxy section */
		C356BECD16FF8F8300F7A031 /* PBXContainerItemProxy */ = {
			isa = PBXContainerItemProxy;
			containerPortal = C356BE9A16FF8F8300F7A031 /* Project object */;
			proxyType = 1;
			remoteGlobalIDString = C356BEA116FF8F8300F7A031;
			remoteInfo = Marshmallow;
		};
/* End PBXContainerItemProxy section */

/* Begin PBXFileReference section */
		20E63516F4164473AAF796D7 /* libPods-test.a */ = {isa = PBXFileReference; explicitFileType = archive.ar; includeInIndex = 0; path = "libPods-test.a"; sourceTree = BUILT_PRODUCTS_DIR; };
		ACAE2580D4154BEE81C50205 /* Pods.xcconfig */ = {isa = PBXFileReference; includeInIndex = 1; lastKnownFileType = text.xcconfig; name = Pods.xcconfig; path = Pods/Pods.xcconfig; sourceTree = SOURCE_ROOT; };
		C31776EA170259CA0010DE26 /* BDKCFModel.h */ = {isa = PBXFileReference; fileEncoding = 4; lastKnownFileType = sourcecode.c.h; path = BDKCFModel.h; sourceTree = "<group>"; };
		C31776EB170259CA0010DE26 /* BDKCFModel.m */ = {isa = PBXFileReference; fileEncoding = 4; lastKnownFileType = sourcecode.c.objc; path = BDKCFModel.m; sourceTree = "<group>"; };
		C31776ED170259D70010DE26 /* BDKCFUser.h */ = {isa = PBXFileReference; fileEncoding = 4; lastKnownFileType = sourcecode.c.h; path = BDKCFUser.h; sourceTree = "<group>"; };
		C31776EE170259D70010DE26 /* BDKCFUser.m */ = {isa = PBXFileReference; fileEncoding = 4; lastKnownFileType = sourcecode.c.objc; path = BDKCFUser.m; sourceTree = "<group>"; };
		C31776F0170260CE0010DE26 /* BDKLPAuthorizationData.h */ = {isa = PBXFileReference; fileEncoding = 4; lastKnownFileType = sourcecode.c.h; path = BDKLPAuthorizationData.h; sourceTree = "<group>"; };
		C31776F1170260CE0010DE26 /* BDKLPAuthorizationData.m */ = {isa = PBXFileReference; fileEncoding = 4; lastKnownFileType = sourcecode.c.objc; path = BDKLPAuthorizationData.m; sourceTree = "<group>"; };
		C31776F3170261440010DE26 /* BDKLPIdentity.h */ = {isa = PBXFileReference; fileEncoding = 4; lastKnownFileType = sourcecode.c.h; path = BDKLPIdentity.h; sourceTree = "<group>"; };
		C31776F4170261440010DE26 /* BDKLPIdentity.m */ = {isa = PBXFileReference; fileEncoding = 4; lastKnownFileType = sourcecode.c.objc; path = BDKLPIdentity.m; sourceTree = "<group>"; };
		C31776F6170262130010DE26 /* BDKLPAccount.h */ = {isa = PBXFileReference; fileEncoding = 4; lastKnownFileType = sourcecode.c.h; path = BDKLPAccount.h; sourceTree = "<group>"; };
		C31776F7170262130010DE26 /* BDKLPAccount.m */ = {isa = PBXFileReference; fileEncoding = 4; lastKnownFileType = sourcecode.c.objc; path = BDKLPAccount.m; sourceTree = "<group>"; };
		C31776F9170284CE0010DE26 /* BDKCFUpload.h */ = {isa = PBXFileReference; fileEncoding = 4; lastKnownFileType = sourcecode.c.h; path = BDKCFUpload.h; sourceTree = "<group>"; };
		C31776FA170284CE0010DE26 /* BDKCFUpload.m */ = {isa = PBXFileReference; fileEncoding = 4; lastKnownFileType = sourcecode.c.objc; path = BDKCFUpload.m; sourceTree = "<group>"; };
		C31776FC170288680010DE26 /* BDKCFRoom.h */ = {isa = PBXFileReference; fileEncoding = 4; lastKnownFileType = sourcecode.c.h; path = BDKCFRoom.h; sourceTree = "<group>"; };
		C31776FD170288690010DE26 /* BDKCFRoom.m */ = {isa = PBXFileReference; fileEncoding = 4; lastKnownFileType = sourcecode.c.objc; path = BDKCFRoom.m; sourceTree = "<group>"; };
		C31776FF17028B860010DE26 /* BDKCFMessage.h */ = {isa = PBXFileReference; fileEncoding = 4; lastKnownFileType = sourcecode.c.h; path = BDKCFMessage.h; sourceTree = "<group>"; };
		C317770017028B860010DE26 /* BDKCFMessage.m */ = {isa = PBXFileReference; fileEncoding = 4; lastKnownFileType = sourcecode.c.objc; path = BDKCFMessage.m; sourceTree = "<group>"; };
		C317770217028EAF0010DE26 /* BDKCFModels.h */ = {isa = PBXFileReference; fileEncoding = 4; lastKnownFileType = sourcecode.c.h; path = BDKCFModels.h; sourceTree = "<group>"; };
		C317770317028EBB0010DE26 /* BDKLPModels.h */ = {isa = PBXFileReference; fileEncoding = 4; lastKnownFileType = sourcecode.c.h; path = BDKLPModels.h; sourceTree = "<group>"; };
		C317770417028F3E0010DE26 /* BDKCFAccount.h */ = {isa = PBXFileReference; fileEncoding = 4; lastKnownFileType = sourcecode.c.h; path = BDKCFAccount.h; sourceTree = "<group>"; };
		C317770517028F3F0010DE26 /* BDKCFAccount.m */ = {isa = PBXFileReference; fileEncoding = 4; lastKnownFileType = sourcecode.c.objc; path = BDKCFAccount.m; sourceTree = "<group>"; };
		C356BEA216FF8F8300F7A031 /* Marshmallow.app */ = {isa = PBXFileReference; explicitFileType = wrapper.application; includeInIndex = 0; path = Marshmallow.app; sourceTree = BUILT_PRODUCTS_DIR; };
		C356BEA516FF8F8300F7A031 /* UIKit.framework */ = {isa = PBXFileReference; lastKnownFileType = wrapper.framework; name = UIKit.framework; path = System/Library/Frameworks/UIKit.framework; sourceTree = SDKROOT; };
		C356BEA716FF8F8300F7A031 /* Foundation.framework */ = {isa = PBXFileReference; lastKnownFileType = wrapper.framework; name = Foundation.framework; path = System/Library/Frameworks/Foundation.framework; sourceTree = SDKROOT; };
		C356BEA916FF8F8300F7A031 /* CoreGraphics.framework */ = {isa = PBXFileReference; lastKnownFileType = wrapper.framework; name = CoreGraphics.framework; path = System/Library/Frameworks/CoreGraphics.framework; sourceTree = SDKROOT; };
		C356BEAB16FF8F8300F7A031 /* CoreData.framework */ = {isa = PBXFileReference; lastKnownFileType = wrapper.framework; name = CoreData.framework; path = System/Library/Frameworks/CoreData.framework; sourceTree = SDKROOT; };
		C356BEC716FF8F8300F7A031 /* MarshmallowTests.octest */ = {isa = PBXFileReference; explicitFileType = wrapper.cfbundle; includeInIndex = 0; path = MarshmallowTests.octest; sourceTree = BUILT_PRODUCTS_DIR; };
		C356BEC816FF8F8300F7A031 /* SenTestingKit.framework */ = {isa = PBXFileReference; lastKnownFileType = wrapper.framework; name = SenTestingKit.framework; path = Library/Frameworks/SenTestingKit.framework; sourceTree = DEVELOPER_DIR; };
		C356BED116FF8F8300F7A031 /* MarshmallowTests-Info.plist */ = {isa = PBXFileReference; lastKnownFileType = text.plist.xml; path = "MarshmallowTests-Info.plist"; sourceTree = "<group>"; };
		C356BED316FF8F8300F7A031 /* en */ = {isa = PBXFileReference; lastKnownFileType = text.plist.strings; name = en; path = en.lproj/InfoPlist.strings; sourceTree = "<group>"; };
		C356BED516FF8F8300F7A031 /* MarshmallowTests.h */ = {isa = PBXFileReference; lastKnownFileType = sourcecode.c.h; path = MarshmallowTests.h; sourceTree = "<group>"; };
		C356BED616FF8F8300F7A031 /* MarshmallowTests.m */ = {isa = PBXFileReference; lastKnownFileType = sourcecode.c.objc; path = MarshmallowTests.m; sourceTree = "<group>"; };
		C356BEE216FF93CA00F7A031 /* BDKAppDelegate.h */ = {isa = PBXFileReference; fileEncoding = 4; lastKnownFileType = sourcecode.c.h; path = BDKAppDelegate.h; sourceTree = "<group>"; };
		C356BEE316FF93CA00F7A031 /* BDKAppDelegate.m */ = {isa = PBXFileReference; fileEncoding = 4; lastKnownFileType = sourcecode.c.objc; path = BDKAppDelegate.m; sourceTree = "<group>"; };
		C356BEE416FF93CA00F7A031 /* main.m */ = {isa = PBXFileReference; fileEncoding = 4; lastKnownFileType = sourcecode.c.objc; path = main.m; sourceTree = "<group>"; };
		C356BEE516FF93CA00F7A031 /* Prefix.pch */ = {isa = PBXFileReference; fileEncoding = 4; lastKnownFileType = sourcecode.c.h; path = Prefix.pch; sourceTree = "<group>"; };
		C356BEE816FF93CA00F7A031 /* Marshmallow.xcdatamodel */ = {isa = PBXFileReference; lastKnownFileType = wrapper.xcdatamodel; path = Marshmallow.xcdatamodel; sourceTree = "<group>"; };
		C356BEEA16FF93CA00F7A031 /* Default-568h@2x.png */ = {isa = PBXFileReference; lastKnownFileType = image.png; path = "Default-568h@2x.png"; sourceTree = "<group>"; };
		C356BEEB16FF93CA00F7A031 /* Default.png */ = {isa = PBXFileReference; lastKnownFileType = image.png; path = Default.png; sourceTree = "<group>"; };
		C356BEEC16FF93CA00F7A031 /* Default@2x.png */ = {isa = PBXFileReference; lastKnownFileType = image.png; path = "Default@2x.png"; sourceTree = "<group>"; };
		C356BEEE16FF93CA00F7A031 /* en */ = {isa = PBXFileReference; lastKnownFileType = text.plist.strings; name = en; path = en.lproj/InfoPlist.strings; sourceTree = "<group>"; };
		C356BEEF16FF93CA00F7A031 /* Info.plist */ = {isa = PBXFileReference; fileEncoding = 4; lastKnownFileType = text.plist.xml; path = Info.plist; sourceTree = "<group>"; };
		C356BEF816FF971300F7A031 /* BDKLog.h */ = {isa = PBXFileReference; fileEncoding = 4; lastKnownFileType = sourcecode.c.h; path = BDKLog.h; sourceTree = "<group>"; };
		C356BEF916FF971300F7A031 /* BDKLog.m */ = {isa = PBXFileReference; fileEncoding = 4; lastKnownFileType = sourcecode.c.objc; path = BDKLog.m; sourceTree = "<group>"; };
		C356BEFD16FF998E00F7A031 /* BDKViewController.h */ = {isa = PBXFileReference; fileEncoding = 4; lastKnownFileType = sourcecode.c.h; path = BDKViewController.h; sourceTree = "<group>"; };
		C356BEFE16FF998E00F7A031 /* BDKViewController.m */ = {isa = PBXFileReference; fileEncoding = 4; lastKnownFileType = sourcecode.c.objc; path = BDKViewController.m; sourceTree = "<group>"; };
		C356BF0016FF9ACD00F7A031 /* Podfile */ = {isa = PBXFileReference; fileEncoding = 4; lastKnownFileType = text; path = Podfile; sourceTree = "<group>"; xcLanguageSpecificationIdentifier = xcode.lang.ruby; };
		C356BF0116FF9ACD00F7A031 /* readme.markdown */ = {isa = PBXFileReference; fileEncoding = 4; lastKnownFileType = text; path = readme.markdown; sourceTree = "<group>"; };
		C356BF0416FF9BC600F7A031 /* BDKCollectionViewController.h */ = {isa = PBXFileReference; fileEncoding = 4; lastKnownFileType = sourcecode.c.h; path = BDKCollectionViewController.h; sourceTree = "<group>"; };
		C356BF0516FF9BC600F7A031 /* BDKCollectionViewController.m */ = {isa = PBXFileReference; fileEncoding = 4; lastKnownFileType = sourcecode.c.objc; path = BDKCollectionViewController.m; sourceTree = "<group>"; };
		C356BF0716FF9E0100F7A031 /* BDKTableViewController.h */ = {isa = PBXFileReference; fileEncoding = 4; lastKnownFileType = sourcecode.c.h; path = BDKTableViewController.h; sourceTree = "<group>"; };
		C356BF0816FF9E0100F7A031 /* BDKTableViewController.m */ = {isa = PBXFileReference; fileEncoding = 4; lastKnownFileType = sourcecode.c.objc; path = BDKTableViewController.m; sourceTree = "<group>"; };
		C356BF0B16FFA02D00F7A031 /* BDKLoginViewController.h */ = {isa = PBXFileReference; fileEncoding = 4; lastKnownFileType = sourcecode.c.h; path = BDKLoginViewController.h; sourceTree = "<group>"; };
		C356BF0C16FFA02D00F7A031 /* BDKLoginViewController.m */ = {isa = PBXFileReference; fileEncoding = 4; lastKnownFileType = sourcecode.c.objc; path = BDKLoginViewController.m; sourceTree = "<group>"; };
		C356BF1016FFA4C800F7A031 /* BDKTextFieldCell.h */ = {isa = PBXFileReference; fileEncoding = 4; lastKnownFileType = sourcecode.c.h; path = BDKTextFieldCell.h; sourceTree = "<group>"; };
		C356BF1116FFA4C800F7A031 /* BDKTextFieldCell.m */ = {isa = PBXFileReference; fileEncoding = 4; lastKnownFileType = sourcecode.c.objc; path = BDKTextFieldCell.m; sourceTree = "<group>"; };
		C356BF1416FFA6B100F7A031 /* UIFont+App.h */ = {isa = PBXFileReference; fileEncoding = 4; lastKnownFileType = sourcecode.c.h; path = "UIFont+App.h"; sourceTree = "<group>"; };
		C356BF1516FFA6B100F7A031 /* UIFont+App.m */ = {isa = PBXFileReference; fileEncoding = 4; lastKnownFileType = sourcecode.c.objc; path = "UIFont+App.m"; sourceTree = "<group>"; };
		C356BF1916FFAA5F00F7A031 /* RobotoCondensed-Bold.ttf */ = {isa = PBXFileReference; lastKnownFileType = file; path = "RobotoCondensed-Bold.ttf"; sourceTree = "<group>"; };
		C356BF1A16FFAA5F00F7A031 /* RobotoCondensed-BoldItalic.ttf */ = {isa = PBXFileReference; lastKnownFileType = file; path = "RobotoCondensed-BoldItalic.ttf"; sourceTree = "<group>"; };
		C356BF1B16FFAA5F00F7A031 /* RobotoCondensed-Italic.ttf */ = {isa = PBXFileReference; lastKnownFileType = file; path = "RobotoCondensed-Italic.ttf"; sourceTree = "<group>"; };
		C356BF1C16FFAA5F00F7A031 /* RobotoCondensed-Light.ttf */ = {isa = PBXFileReference; lastKnownFileType = file; path = "RobotoCondensed-Light.ttf"; sourceTree = "<group>"; };
		C356BF1D16FFAA5F00F7A031 /* RobotoCondensed-LightItalic.ttf */ = {isa = PBXFileReference; lastKnownFileType = file; path = "RobotoCondensed-LightItalic.ttf"; sourceTree = "<group>"; };
		C356BF1E16FFAA5F00F7A031 /* RobotoCondensed-Regular.ttf */ = {isa = PBXFileReference; lastKnownFileType = file; path = "RobotoCondensed-Regular.ttf"; sourceTree = "<group>"; };
		C3632EC817013A4A0028C794 /* BDKRoomsViewController.h */ = {isa = PBXFileReference; fileEncoding = 4; lastKnownFileType = sourcecode.c.h; path = BDKRoomsViewController.h; sourceTree = "<group>"; };
		C3632EC917013A4A0028C794 /* BDKRoomsViewController.m */ = {isa = PBXFileReference; fileEncoding = 4; lastKnownFileType = sourcecode.c.objc; path = BDKRoomsViewController.m; sourceTree = "<group>"; };
		C3632ECB17013A750028C794 /* UINavigationController+BDKKit.h */ = {isa = PBXFileReference; fileEncoding = 4; lastKnownFileType = sourcecode.c.h; path = "UINavigationController+BDKKit.h"; sourceTree = "<group>"; };
		C3632ECC17013A750028C794 /* UINavigationController+BDKKit.m */ = {isa = PBXFileReference; fileEncoding = 4; lastKnownFileType = sourcecode.c.objc; path = "UINavigationController+BDKKit.m"; sourceTree = "<group>"; };
		C36819DC17079DCB002C6742 /* BDKModel.h */ = {isa = PBXFileReference; fileEncoding = 4; lastKnownFileType = sourcecode.c.h; path = BDKModel.h; sourceTree = "<group>"; };
		C36819DD17079DCB002C6742 /* BDKModel.m */ = {isa = PBXFileReference; fileEncoding = 4; lastKnownFileType = sourcecode.c.objc; path = BDKModel.m; sourceTree = "<group>"; };
		C36819DF17079DE4002C6742 /* BDKAccount.h */ = {isa = PBXFileReference; fileEncoding = 4; lastKnownFileType = sourcecode.c.h; path = BDKAccount.h; sourceTree = "<group>"; };
		C36819E017079DE4002C6742 /* BDKAccount.m */ = {isa = PBXFileReference; fileEncoding = 4; lastKnownFileType = sourcecode.c.objc; path = BDKAccount.m; sourceTree = "<group>"; };
		C36819E117079DE4002C6742 /* BDKIdentity.h */ = {isa = PBXFileReference; fileEncoding = 4; lastKnownFileType = sourcecode.c.h; path = BDKIdentity.h; sourceTree = "<group>"; };
		C36819E217079DE4002C6742 /* BDKIdentity.m */ = {isa = PBXFileReference; fileEncoding = 4; lastKnownFileType = sourcecode.c.objc; path = BDKIdentity.m; sourceTree = "<group>"; };
		C36819E317079DE4002C6742 /* BDKLaunchpadAccount.h */ = {isa = PBXFileReference; fileEncoding = 4; lastKnownFileType = sourcecode.c.h; path = BDKLaunchpadAccount.h; sourceTree = "<group>"; };
		C36819E417079DE4002C6742 /* BDKLaunchpadAccount.m */ = {isa = PBXFileReference; fileEncoding = 4; lastKnownFileType = sourcecode.c.objc; path = BDKLaunchpadAccount.m; sourceTree = "<group>"; };
		C36819E517079DE4002C6742 /* BDKMessage.h */ = {isa = PBXFileReference; fileEncoding = 4; lastKnownFileType = sourcecode.c.h; path = BDKMessage.h; sourceTree = "<group>"; };
		C36819E617079DE4002C6742 /* BDKMessage.m */ = {isa = PBXFileReference; fileEncoding = 4; lastKnownFileType = sourcecode.c.objc; path = BDKMessage.m; sourceTree = "<group>"; };
		C36819E717079DE4002C6742 /* BDKRoom.h */ = {isa = PBXFileReference; fileEncoding = 4; lastKnownFileType = sourcecode.c.h; path = BDKRoom.h; sourceTree = "<group>"; };
		C36819E817079DE4002C6742 /* BDKRoom.m */ = {isa = PBXFileReference; fileEncoding = 4; lastKnownFileType = sourcecode.c.objc; path = BDKRoom.m; sourceTree = "<group>"; };
		C36819E917079DE4002C6742 /* BDKUpload.h */ = {isa = PBXFileReference; fileEncoding = 4; lastKnownFileType = sourcecode.c.h; path = BDKUpload.h; sourceTree = "<group>"; };
		C36819EA17079DE4002C6742 /* BDKUpload.m */ = {isa = PBXFileReference; fileEncoding = 4; lastKnownFileType = sourcecode.c.objc; path = BDKUpload.m; sourceTree = "<group>"; };
		C36819EB17079DE4002C6742 /* BDKUser.h */ = {isa = PBXFileReference; fileEncoding = 4; lastKnownFileType = sourcecode.c.h; path = BDKUser.h; sourceTree = "<group>"; };
		C36819EC17079DE4002C6742 /* BDKUser.m */ = {isa = PBXFileReference; fileEncoding = 4; lastKnownFileType = sourcecode.c.objc; path = BDKUser.m; sourceTree = "<group>"; };
		C36819EE17079DE4002C6742 /* _BDKAccount.h */ = {isa = PBXFileReference; fileEncoding = 4; lastKnownFileType = sourcecode.c.h; path = _BDKAccount.h; sourceTree = "<group>"; };
		C36819EF17079DE4002C6742 /* _BDKAccount.m */ = {isa = PBXFileReference; fileEncoding = 4; lastKnownFileType = sourcecode.c.objc; path = _BDKAccount.m; sourceTree = "<group>"; };
		C36819F017079DE4002C6742 /* _BDKIdentity.h */ = {isa = PBXFileReference; fileEncoding = 4; lastKnownFileType = sourcecode.c.h; path = _BDKIdentity.h; sourceTree = "<group>"; };
		C36819F117079DE4002C6742 /* _BDKIdentity.m */ = {isa = PBXFileReference; fileEncoding = 4; lastKnownFileType = sourcecode.c.objc; path = _BDKIdentity.m; sourceTree = "<group>"; };
		C36819F217079DE4002C6742 /* _BDKLaunchpadAccount.h */ = {isa = PBXFileReference; fileEncoding = 4; lastKnownFileType = sourcecode.c.h; path = _BDKLaunchpadAccount.h; sourceTree = "<group>"; };
		C36819F317079DE4002C6742 /* _BDKLaunchpadAccount.m */ = {isa = PBXFileReference; fileEncoding = 4; lastKnownFileType = sourcecode.c.objc; path = _BDKLaunchpadAccount.m; sourceTree = "<group>"; };
		C36819F417079DE4002C6742 /* _BDKMessage.h */ = {isa = PBXFileReference; fileEncoding = 4; lastKnownFileType = sourcecode.c.h; path = _BDKMessage.h; sourceTree = "<group>"; };
		C36819F517079DE4002C6742 /* _BDKMessage.m */ = {isa = PBXFileReference; fileEncoding = 4; lastKnownFileType = sourcecode.c.objc; path = _BDKMessage.m; sourceTree = "<group>"; };
		C36819F617079DE4002C6742 /* _BDKRoom.h */ = {isa = PBXFileReference; fileEncoding = 4; lastKnownFileType = sourcecode.c.h; path = _BDKRoom.h; sourceTree = "<group>"; };
		C36819F717079DE4002C6742 /* _BDKRoom.m */ = {isa = PBXFileReference; fileEncoding = 4; lastKnownFileType = sourcecode.c.objc; path = _BDKRoom.m; sourceTree = "<group>"; };
		C36819F817079DE4002C6742 /* _BDKUpload.h */ = {isa = PBXFileReference; fileEncoding = 4; lastKnownFileType = sourcecode.c.h; path = _BDKUpload.h; sourceTree = "<group>"; };
		C36819F917079DE4002C6742 /* _BDKUpload.m */ = {isa = PBXFileReference; fileEncoding = 4; lastKnownFileType = sourcecode.c.objc; path = _BDKUpload.m; sourceTree = "<group>"; };
		C36819FA17079DE4002C6742 /* _BDKUser.h */ = {isa = PBXFileReference; fileEncoding = 4; lastKnownFileType = sourcecode.c.h; path = _BDKUser.h; sourceTree = "<group>"; };
		C36819FB17079DE4002C6742 /* _BDKUser.m */ = {isa = PBXFileReference; fileEncoding = 4; lastKnownFileType = sourcecode.c.objc; path = _BDKUser.m; sourceTree = "<group>"; };
		C3681A0A1707CD8A002C6742 /* BDKModels.h */ = {isa = PBXFileReference; fileEncoding = 4; lastKnownFileType = sourcecode.c.h; path = BDKModels.h; sourceTree = "<group>"; };
		C3966E9D170B9D2D00ED89B7 /* BDKRoomCollectionCell.h */ = {isa = PBXFileReference; fileEncoding = 4; lastKnownFileType = sourcecode.c.h; path = BDKRoomCollectionCell.h; sourceTree = "<group>"; };
		C3966E9E170B9D2D00ED89B7 /* BDKRoomCollectionCell.m */ = {isa = PBXFileReference; fileEncoding = 4; lastKnownFileType = sourcecode.c.objc; path = BDKRoomCollectionCell.m; sourceTree = "<group>"; };
		C3966EA0170BA96B00ED89B7 /* BDKGradientView.h */ = {isa = PBXFileReference; fileEncoding = 4; lastKnownFileType = sourcecode.c.h; path = BDKGradientView.h; sourceTree = "<group>"; };
		C3966EA1170BA96B00ED89B7 /* BDKGradientView.m */ = {isa = PBXFileReference; fileEncoding = 4; lastKnownFileType = sourcecode.c.objc; path = BDKGradientView.m; sourceTree = "<group>"; };
		C3EBE2C01709FC1000B92281 /* Icon-72.png */ = {isa = PBXFileReference; lastKnownFileType = image.png; path = "Icon-72.png"; sourceTree = "<group>"; };
		C3EBE2C11709FC1000B92281 /* Icon-72@2x.png */ = {isa = PBXFileReference; lastKnownFileType = image.png; path = "Icon-72@2x.png"; sourceTree = "<group>"; };
		C3EBE2C21709FC1000B92281 /* Icon-Small-50.png */ = {isa = PBXFileReference; lastKnownFileType = image.png; path = "Icon-Small-50.png"; sourceTree = "<group>"; };
		C3EBE2C31709FC1000B92281 /* Icon-Small-50@2x.png */ = {isa = PBXFileReference; lastKnownFileType = image.png; path = "Icon-Small-50@2x.png"; sourceTree = "<group>"; };
		C3EBE2C41709FC1000B92281 /* Icon-Small.png */ = {isa = PBXFileReference; lastKnownFileType = image.png; path = "Icon-Small.png"; sourceTree = "<group>"; };
		C3EBE2C51709FC1000B92281 /* Icon-Small@2x.png */ = {isa = PBXFileReference; lastKnownFileType = image.png; path = "Icon-Small@2x.png"; sourceTree = "<group>"; };
		C3EBE2C61709FC1000B92281 /* Icon.png */ = {isa = PBXFileReference; lastKnownFileType = image.png; path = Icon.png; sourceTree = "<group>"; };
		C3EBE2C71709FC1000B92281 /* Icon@2x.png */ = {isa = PBXFileReference; lastKnownFileType = image.png; path = "Icon@2x.png"; sourceTree = "<group>"; };
		C3EBE2C81709FC1000B92281 /* iTunesArtwork.png */ = {isa = PBXFileReference; lastKnownFileType = image.png; path = iTunesArtwork.png; sourceTree = "<group>"; };
		C3EBE2C91709FC1000B92281 /* iTunesArtwork@2x.png */ = {isa = PBXFileReference; lastKnownFileType = image.png; path = "iTunesArtwork@2x.png"; sourceTree = "<group>"; };
		C3FD9E4916FFB7530099E595 /* BDKCampfireClient.h */ = {isa = PBXFileReference; fileEncoding = 4; lastKnownFileType = sourcecode.c.h; path = BDKCampfireClient.h; sourceTree = "<group>"; };
		C3FD9E4A16FFB7530099E595 /* BDKCampfireClient.m */ = {isa = PBXFileReference; fileEncoding = 4; lastKnownFileType = sourcecode.c.objc; path = BDKCampfireClient.m; sourceTree = "<group>"; };
		C3FD9E4C16FFB78D0099E595 /* BDKAPIClient.h */ = {isa = PBXFileReference; fileEncoding = 4; lastKnownFileType = sourcecode.c.h; path = BDKAPIClient.h; sourceTree = "<group>"; };
		C3FD9E4D16FFB78D0099E595 /* BDKAPIClient.m */ = {isa = PBXFileReference; fileEncoding = 4; lastKnownFileType = sourcecode.c.objc; path = BDKAPIClient.m; sourceTree = "<group>"; };
		C3FD9E4F16FFB7FC0099E595 /* QuartzCore.framework */ = {isa = PBXFileReference; lastKnownFileType = wrapper.framework; name = QuartzCore.framework; path = System/Library/Frameworks/QuartzCore.framework; sourceTree = SDKROOT; };
		C3FD9E5116FFB8040099E595 /* SystemConfiguration.framework */ = {isa = PBXFileReference; lastKnownFileType = wrapper.framework; name = SystemConfiguration.framework; path = System/Library/Frameworks/SystemConfiguration.framework; sourceTree = SDKROOT; };
		C3FD9E5316FFB84A0099E595 /* NSString+BDKKit.h */ = {isa = PBXFileReference; fileEncoding = 4; lastKnownFileType = sourcecode.c.h; path = "NSString+BDKKit.h"; sourceTree = "<group>"; };
		C3FD9E5416FFB84A0099E595 /* NSString+BDKKit.m */ = {isa = PBXFileReference; fileEncoding = 4; lastKnownFileType = sourcecode.c.objc; path = "NSString+BDKKit.m"; sourceTree = "<group>"; };
		C3FD9E5616FFB8E00099E595 /* MobileCoreServices.framework */ = {isa = PBXFileReference; lastKnownFileType = wrapper.framework; name = MobileCoreServices.framework; path = System/Library/Frameworks/MobileCoreServices.framework; sourceTree = SDKROOT; };
		C3FD9E5816FFBAF00099E595 /* BDKWebViewController.h */ = {isa = PBXFileReference; fileEncoding = 4; lastKnownFileType = sourcecode.c.h; path = BDKWebViewController.h; sourceTree = "<group>"; };
		C3FD9E5916FFBAF00099E595 /* BDKWebViewController.m */ = {isa = PBXFileReference; fileEncoding = 4; lastKnownFileType = sourcecode.c.objc; path = BDKWebViewController.m; sourceTree = "<group>"; };
		C3FD9E5B16FFBCCD0099E595 /* BDKConstants.h */ = {isa = PBXFileReference; fileEncoding = 4; lastKnownFileType = sourcecode.c.h; path = BDKConstants.h; sourceTree = "<group>"; };
		C3FD9E5E16FFBF710099E595 /* APIKeys.plist */ = {isa = PBXFileReference; fileEncoding = 4; lastKnownFileType = text.plist.xml; path = APIKeys.plist; sourceTree = "<group>"; };
		C3FD9E6016FFEACC0099E595 /* BDKAPIKeyManager.h */ = {isa = PBXFileReference; fileEncoding = 4; lastKnownFileType = sourcecode.c.h; path = BDKAPIKeyManager.h; sourceTree = "<group>"; };
		C3FD9E6116FFEACC0099E595 /* BDKAPIKeyManager.m */ = {isa = PBXFileReference; fileEncoding = 4; lastKnownFileType = sourcecode.c.objc; path = BDKAPIKeyManager.m; sourceTree = "<group>"; };
		C3FD9E6316FFEF7A0099E595 /* BDKLaunchpadClient.h */ = {isa = PBXFileReference; fileEncoding = 4; lastKnownFileType = sourcecode.c.h; path = BDKLaunchpadClient.h; sourceTree = "<group>"; };
		C3FD9E6416FFEF7A0099E595 /* BDKLaunchpadClient.m */ = {isa = PBXFileReference; fileEncoding = 4; lastKnownFileType = sourcecode.c.objc; path = BDKLaunchpadClient.m; sourceTree = "<group>"; };
		C838434D40344DB6ACBA0934 /* libPods.a */ = {isa = PBXFileReference; explicitFileType = archive.ar; includeInIndex = 0; path = libPods.a; sourceTree = BUILT_PRODUCTS_DIR; };
		F486934224C74CAEBE244C89 /* Pods-test.xcconfig */ = {isa = PBXFileReference; includeInIndex = 1; lastKnownFileType = text.xcconfig; name = "Pods-test.xcconfig"; path = "Pods/Pods-test.xcconfig"; sourceTree = SOURCE_ROOT; };
/* End PBXFileReference section */

/* Begin PBXFrameworksBuildPhase section */
		C356BE9F16FF8F8300F7A031 /* Frameworks */ = {
			isa = PBXFrameworksBuildPhase;
			buildActionMask = 2147483647;
			files = (
				C356BEA616FF8F8300F7A031 /* UIKit.framework in Frameworks */,
				C356BEA816FF8F8300F7A031 /* Foundation.framework in Frameworks */,
				C356BEAA16FF8F8300F7A031 /* CoreGraphics.framework in Frameworks */,
				C356BEAC16FF8F8300F7A031 /* CoreData.framework in Frameworks */,
				C3FD9E5216FFB8040099E595 /* SystemConfiguration.framework in Frameworks */,
				C3FD9E5716FFB8E00099E595 /* MobileCoreServices.framework in Frameworks */,
				C3FD9E5016FFB7FC0099E595 /* QuartzCore.framework in Frameworks */,
				2285529B29D246ADA43EBE3B /* libPods.a in Frameworks */,
			);
			runOnlyForDeploymentPostprocessing = 0;
		};
		C356BEC316FF8F8300F7A031 /* Frameworks */ = {
			isa = PBXFrameworksBuildPhase;
			buildActionMask = 2147483647;
			files = (
				C356BEC916FF8F8300F7A031 /* SenTestingKit.framework in Frameworks */,
				C356BECA16FF8F8300F7A031 /* UIKit.framework in Frameworks */,
				C356BECB16FF8F8300F7A031 /* Foundation.framework in Frameworks */,
				C356BECC16FF8F8300F7A031 /* CoreData.framework in Frameworks */,
				4D1EBD03ABAE4629ABC4EC25 /* libPods-test.a in Frameworks */,
			);
			runOnlyForDeploymentPostprocessing = 0;
		};
/* End PBXFrameworksBuildPhase section */

/* Begin PBXGroup section */
		C31776E9170259B80010DE26 /* Models */ = {
			isa = PBXGroup;
			children = (
				C317770417028F3E0010DE26 /* BDKCFAccount.h */,
				C317770517028F3F0010DE26 /* BDKCFAccount.m */,
				C31776FF17028B860010DE26 /* BDKCFMessage.h */,
				C317770017028B860010DE26 /* BDKCFMessage.m */,
				C31776EA170259CA0010DE26 /* BDKCFModel.h */,
				C31776EB170259CA0010DE26 /* BDKCFModel.m */,
				C317770217028EAF0010DE26 /* BDKCFModels.h */,
				C31776FC170288680010DE26 /* BDKCFRoom.h */,
				C31776FD170288690010DE26 /* BDKCFRoom.m */,
				C31776F9170284CE0010DE26 /* BDKCFUpload.h */,
				C31776FA170284CE0010DE26 /* BDKCFUpload.m */,
				C31776ED170259D70010DE26 /* BDKCFUser.h */,
				C31776EE170259D70010DE26 /* BDKCFUser.m */,
				C31776F6170262130010DE26 /* BDKLPAccount.h */,
				C31776F7170262130010DE26 /* BDKLPAccount.m */,
				C31776F0170260CE0010DE26 /* BDKLPAuthorizationData.h */,
				C31776F1170260CE0010DE26 /* BDKLPAuthorizationData.m */,
				C31776F3170261440010DE26 /* BDKLPIdentity.h */,
				C31776F4170261440010DE26 /* BDKLPIdentity.m */,
				C317770317028EBB0010DE26 /* BDKLPModels.h */,
			);
			path = Models;
			sourceTree = "<group>";
		};
		C356BE9916FF8F8300F7A031 = {
			isa = PBXGroup;
			children = (
				C356BEE016FF93CA00F7A031 /* Classes */,
				C356BEE916FF93CA00F7A031 /* Resources */,
				C356BECF16FF8F8300F7A031 /* MarshmallowTests */,
				C356BEA416FF8F8300F7A031 /* Frameworks */,
				C356BEA316FF8F8300F7A031 /* Products */,
				ACAE2580D4154BEE81C50205 /* Pods.xcconfig */,
				C356BF0016FF9ACD00F7A031 /* Podfile */,
				C356BF0116FF9ACD00F7A031 /* readme.markdown */,
				F486934224C74CAEBE244C89 /* Pods-test.xcconfig */,
			);
			sourceTree = "<group>";
		};
		C356BEA316FF8F8300F7A031 /* Products */ = {
			isa = PBXGroup;
			children = (
				C356BEA216FF8F8300F7A031 /* Marshmallow.app */,
				C356BEC716FF8F8300F7A031 /* MarshmallowTests.octest */,
			);
			name = Products;
			sourceTree = "<group>";
		};
		C356BEA416FF8F8300F7A031 /* Frameworks */ = {
			isa = PBXGroup;
			children = (
				C3FD9E5616FFB8E00099E595 /* MobileCoreServices.framework */,
				C3FD9E5116FFB8040099E595 /* SystemConfiguration.framework */,
				C3FD9E4F16FFB7FC0099E595 /* QuartzCore.framework */,
				C356BEA516FF8F8300F7A031 /* UIKit.framework */,
				C356BEA716FF8F8300F7A031 /* Foundation.framework */,
				C356BEA916FF8F8300F7A031 /* CoreGraphics.framework */,
				C356BEAB16FF8F8300F7A031 /* CoreData.framework */,
				C356BEC816FF8F8300F7A031 /* SenTestingKit.framework */,
				C838434D40344DB6ACBA0934 /* libPods.a */,
				20E63516F4164473AAF796D7 /* libPods-test.a */,
			);
			name = Frameworks;
			sourceTree = "<group>";
		};
		C356BECF16FF8F8300F7A031 /* MarshmallowTests */ = {
			isa = PBXGroup;
			children = (
				C356BED516FF8F8300F7A031 /* MarshmallowTests.h */,
				C356BED616FF8F8300F7A031 /* MarshmallowTests.m */,
				C356BED016FF8F8300F7A031 /* Supporting Files */,
			);
			path = MarshmallowTests;
			sourceTree = "<group>";
		};
		C356BED016FF8F8300F7A031 /* Supporting Files */ = {
			isa = PBXGroup;
			children = (
				C356BED116FF8F8300F7A031 /* MarshmallowTests-Info.plist */,
				C356BED216FF8F8300F7A031 /* InfoPlist.strings */,
			);
			name = "Supporting Files";
			sourceTree = "<group>";
		};
		C356BEE016FF93CA00F7A031 /* Classes */ = {
			isa = PBXGroup;
			children = (
				C3FD9E4716FFB73B0099E595 /* Adapters */,
				C356BF1316FFA6A300F7A031 /* Categories */,
				C356BEE116FF93CA00F7A031 /* Core */,
				C356BEE616FF93CA00F7A031 /* Data */,
				C356BEFB16FF990800F7A031 /* ViewControllers */,
				C356BF0E16FFA4B600F7A031 /* Views */,
			);
			path = Classes;
			sourceTree = "<group>";
		};
		C356BEE116FF93CA00F7A031 /* Core */ = {
			isa = PBXGroup;
			children = (
				C356BEE216FF93CA00F7A031 /* BDKAppDelegate.h */,
				C356BEE316FF93CA00F7A031 /* BDKAppDelegate.m */,
				C3FD9E5B16FFBCCD0099E595 /* BDKConstants.h */,
				C356BEF816FF971300F7A031 /* BDKLog.h */,
				C356BEF916FF971300F7A031 /* BDKLog.m */,
				C356BEE416FF93CA00F7A031 /* main.m */,
				C356BEE516FF93CA00F7A031 /* Prefix.pch */,
			);
			path = Core;
			sourceTree = "<group>";
		};
		C356BEE616FF93CA00F7A031 /* Data */ = {
			isa = PBXGroup;
			children = (
				C36819ED17079DE4002C6742 /* Machine */,
				C36819DF17079DE4002C6742 /* BDKAccount.h */,
				C36819E017079DE4002C6742 /* BDKAccount.m */,
				C36819E117079DE4002C6742 /* BDKIdentity.h */,
				C36819E217079DE4002C6742 /* BDKIdentity.m */,
				C36819E317079DE4002C6742 /* BDKLaunchpadAccount.h */,
				C36819E417079DE4002C6742 /* BDKLaunchpadAccount.m */,
				C36819E517079DE4002C6742 /* BDKMessage.h */,
				C36819E617079DE4002C6742 /* BDKMessage.m */,
				C36819DC17079DCB002C6742 /* BDKModel.h */,
				C36819DD17079DCB002C6742 /* BDKModel.m */,
				C3681A0A1707CD8A002C6742 /* BDKModels.h */,
				C36819E717079DE4002C6742 /* BDKRoom.h */,
				C36819E817079DE4002C6742 /* BDKRoom.m */,
				C36819E917079DE4002C6742 /* BDKUpload.h */,
				C36819EA17079DE4002C6742 /* BDKUpload.m */,
				C36819EB17079DE4002C6742 /* BDKUser.h */,
				C36819EC17079DE4002C6742 /* BDKUser.m */,
				C356BEE716FF93CA00F7A031 /* Marshmallow.xcdatamodeld */,
			);
			path = Data;
			sourceTree = "<group>";
		};
		C356BEE916FF93CA00F7A031 /* Resources */ = {
			isa = PBXGroup;
			children = (
				C3EBE2C01709FC1000B92281 /* Icon-72.png */,
				C3EBE2C11709FC1000B92281 /* Icon-72@2x.png */,
				C3EBE2C21709FC1000B92281 /* Icon-Small-50.png */,
				C3EBE2C31709FC1000B92281 /* Icon-Small-50@2x.png */,
				C3EBE2C41709FC1000B92281 /* Icon-Small.png */,
				C3EBE2C51709FC1000B92281 /* Icon-Small@2x.png */,
				C3EBE2C61709FC1000B92281 /* Icon.png */,
				C3EBE2C71709FC1000B92281 /* Icon@2x.png */,
				C3EBE2C81709FC1000B92281 /* iTunesArtwork.png */,
				C3EBE2C91709FC1000B92281 /* iTunesArtwork@2x.png */,
				C356BF1716FFAA5F00F7A031 /* Fonts */,
				C356BEEA16FF93CA00F7A031 /* Default-568h@2x.png */,
				C356BEEB16FF93CA00F7A031 /* Default.png */,
				C356BEEC16FF93CA00F7A031 /* Default@2x.png */,
				C356BEED16FF93CA00F7A031 /* InfoPlist.strings */,
				C356BEEF16FF93CA00F7A031 /* Info.plist */,
				C3FD9E5E16FFBF710099E595 /* APIKeys.plist */,
			);
			path = Resources;
			sourceTree = "<group>";
		};
		C356BEFB16FF990800F7A031 /* ViewControllers */ = {
			isa = PBXGroup;
			children = (
				C356BF0A16FFA01900F7A031 /* Auth */,
				C356BEFC16FF997F00F7A031 /* Base */,
				C3632EC717013A160028C794 /* Lists */,
			);
			path = ViewControllers;
			sourceTree = "<group>";
		};
		C356BEFC16FF997F00F7A031 /* Base */ = {
			isa = PBXGroup;
			children = (
				C356BF0416FF9BC600F7A031 /* BDKCollectionViewController.h */,
				C356BF0516FF9BC600F7A031 /* BDKCollectionViewController.m */,
				C356BF0716FF9E0100F7A031 /* BDKTableViewController.h */,
				C356BF0816FF9E0100F7A031 /* BDKTableViewController.m */,
				C356BEFD16FF998E00F7A031 /* BDKViewController.h */,
				C356BEFE16FF998E00F7A031 /* BDKViewController.m */,
				C3FD9E5816FFBAF00099E595 /* BDKWebViewController.h */,
				C3FD9E5916FFBAF00099E595 /* BDKWebViewController.m */,
			);
			path = Base;
			sourceTree = "<group>";
		};
		C356BF0A16FFA01900F7A031 /* Auth */ = {
			isa = PBXGroup;
			children = (
				C356BF0B16FFA02D00F7A031 /* BDKLoginViewController.h */,
				C356BF0C16FFA02D00F7A031 /* BDKLoginViewController.m */,
			);
			path = Auth;
			sourceTree = "<group>";
		};
		C356BF0E16FFA4B600F7A031 /* Views */ = {
			isa = PBXGroup;
			children = (
				C356BF0F16FFA4B600F7A031 /* Cells */,
				C3966EA0170BA96B00ED89B7 /* BDKGradientView.h */,
				C3966EA1170BA96B00ED89B7 /* BDKGradientView.m */,
			);
			path = Views;
			sourceTree = "<group>";
		};
		C356BF0F16FFA4B600F7A031 /* Cells */ = {
			isa = PBXGroup;
			children = (
				C3966E9D170B9D2D00ED89B7 /* BDKRoomCollectionCell.h */,
				C3966E9E170B9D2D00ED89B7 /* BDKRoomCollectionCell.m */,
				C356BF1016FFA4C800F7A031 /* BDKTextFieldCell.h */,
				C356BF1116FFA4C800F7A031 /* BDKTextFieldCell.m */,
			);
			path = Cells;
			sourceTree = "<group>";
		};
		C356BF1316FFA6A300F7A031 /* Categories */ = {
			isa = PBXGroup;
			children = (
				C3FD9E5316FFB84A0099E595 /* NSString+BDKKit.h */,
				C3FD9E5416FFB84A0099E595 /* NSString+BDKKit.m */,
				C356BF1416FFA6B100F7A031 /* UIFont+App.h */,
				C356BF1516FFA6B100F7A031 /* UIFont+App.m */,
				C3632ECB17013A750028C794 /* UINavigationController+BDKKit.h */,
				C3632ECC17013A750028C794 /* UINavigationController+BDKKit.m */,
			);
			path = Categories;
			sourceTree = "<group>";
		};
		C356BF1716FFAA5F00F7A031 /* Fonts */ = {
			isa = PBXGroup;
			children = (
				C356BF1816FFAA5F00F7A031 /* Roboto */,
			);
			path = Fonts;
			sourceTree = "<group>";
		};
		C356BF1816FFAA5F00F7A031 /* Roboto */ = {
			isa = PBXGroup;
			children = (
				C356BF1916FFAA5F00F7A031 /* RobotoCondensed-Bold.ttf */,
				C356BF1A16FFAA5F00F7A031 /* RobotoCondensed-BoldItalic.ttf */,
				C356BF1B16FFAA5F00F7A031 /* RobotoCondensed-Italic.ttf */,
				C356BF1C16FFAA5F00F7A031 /* RobotoCondensed-Light.ttf */,
				C356BF1D16FFAA5F00F7A031 /* RobotoCondensed-LightItalic.ttf */,
				C356BF1E16FFAA5F00F7A031 /* RobotoCondensed-Regular.ttf */,
			);
			path = Roboto;
			sourceTree = "<group>";
		};
		C3632EC717013A160028C794 /* Lists */ = {
			isa = PBXGroup;
			children = (
				C3632EC817013A4A0028C794 /* BDKRoomsViewController.h */,
				C3632EC917013A4A0028C794 /* BDKRoomsViewController.m */,
			);
			path = Lists;
			sourceTree = "<group>";
		};
		C36819ED17079DE4002C6742 /* Machine */ = {
			isa = PBXGroup;
			children = (
				C36819EE17079DE4002C6742 /* _BDKAccount.h */,
				C36819EF17079DE4002C6742 /* _BDKAccount.m */,
				C36819F017079DE4002C6742 /* _BDKIdentity.h */,
				C36819F117079DE4002C6742 /* _BDKIdentity.m */,
				C36819F217079DE4002C6742 /* _BDKLaunchpadAccount.h */,
				C36819F317079DE4002C6742 /* _BDKLaunchpadAccount.m */,
				C36819F417079DE4002C6742 /* _BDKMessage.h */,
				C36819F517079DE4002C6742 /* _BDKMessage.m */,
				C36819F617079DE4002C6742 /* _BDKRoom.h */,
				C36819F717079DE4002C6742 /* _BDKRoom.m */,
				C36819F817079DE4002C6742 /* _BDKUpload.h */,
				C36819F917079DE4002C6742 /* _BDKUpload.m */,
				C36819FA17079DE4002C6742 /* _BDKUser.h */,
				C36819FB17079DE4002C6742 /* _BDKUser.m */,
			);
			path = Machine;
			sourceTree = "<group>";
		};
		C3FD9E4716FFB73B0099E595 /* Adapters */ = {
			isa = PBXGroup;
			children = (
				C3FD9E4816FFB73B0099E595 /* Campfire */,
				C3FD9E4C16FFB78D0099E595 /* BDKAPIClient.h */,
				C3FD9E4D16FFB78D0099E595 /* BDKAPIClient.m */,
				C3FD9E6016FFEACC0099E595 /* BDKAPIKeyManager.h */,
				C3FD9E6116FFEACC0099E595 /* BDKAPIKeyManager.m */,
			);
			path = Adapters;
			sourceTree = "<group>";
		};
		C3FD9E4816FFB73B0099E595 /* Campfire */ = {
			isa = PBXGroup;
			children = (
				C31776E9170259B80010DE26 /* Models */,
				C3FD9E4916FFB7530099E595 /* BDKCampfireClient.h */,
				C3FD9E4A16FFB7530099E595 /* BDKCampfireClient.m */,
				C3FD9E6316FFEF7A0099E595 /* BDKLaunchpadClient.h */,
				C3FD9E6416FFEF7A0099E595 /* BDKLaunchpadClient.m */,
			);
			path = Campfire;
			sourceTree = "<group>";
		};
/* End PBXGroup section */

/* Begin PBXNativeTarget section */
		C356BEA116FF8F8300F7A031 /* Marshmallow */ = {
			isa = PBXNativeTarget;
			buildConfigurationList = C356BEDA16FF8F8300F7A031 /* Build configuration list for PBXNativeTarget "Marshmallow" */;
			buildPhases = (
				C356BE9E16FF8F8300F7A031 /* Sources */,
				C356BE9F16FF8F8300F7A031 /* Frameworks */,
				C356BEA016FF8F8300F7A031 /* Resources */,
				F1332C83A1964880BEEE1D76 /* Copy Pods Resources */,
				C33108B217073C1D00459FC7 /* ShellScript */,
			);
			buildRules = (
			);
			dependencies = (
			);
			name = Marshmallow;
			productName = Marshmallow;
			productReference = C356BEA216FF8F8300F7A031 /* Marshmallow.app */;
			productType = "com.apple.product-type.application";
		};
		C356BEC616FF8F8300F7A031 /* MarshmallowTests */ = {
			isa = PBXNativeTarget;
			buildConfigurationList = C356BEDD16FF8F8300F7A031 /* Build configuration list for PBXNativeTarget "MarshmallowTests" */;
			buildPhases = (
				C356BEC216FF8F8300F7A031 /* Sources */,
				C356BEC316FF8F8300F7A031 /* Frameworks */,
				C356BEC416FF8F8300F7A031 /* Resources */,
				C356BEC516FF8F8300F7A031 /* ShellScript */,
				BBDC5702774B48B6B72F1DC8 /* Copy Pods Resources */,
			);
			buildRules = (
			);
			dependencies = (
				C356BECE16FF8F8300F7A031 /* PBXTargetDependency */,
			);
			name = MarshmallowTests;
			productName = MarshmallowTests;
			productReference = C356BEC716FF8F8300F7A031 /* MarshmallowTests.octest */;
			productType = "com.apple.product-type.bundle";
		};
/* End PBXNativeTarget section */

/* Begin PBXProject section */
		C356BE9A16FF8F8300F7A031 /* Project object */ = {
			isa = PBXProject;
			attributes = {
				CLASSPREFIX = BDK;
				LastUpgradeCheck = 0460;
				ORGANIZATIONNAME = "Ben Kreeger";
			};
			buildConfigurationList = C356BE9D16FF8F8300F7A031 /* Build configuration list for PBXProject "Marshmallow" */;
			compatibilityVersion = "Xcode 3.2";
			developmentRegion = English;
			hasScannedForEncodings = 0;
			knownRegions = (
				en,
			);
			mainGroup = C356BE9916FF8F8300F7A031;
			productRefGroup = C356BEA316FF8F8300F7A031 /* Products */;
			projectDirPath = "";
			projectRoot = "";
			targets = (
				C356BEA116FF8F8300F7A031 /* Marshmallow */,
				C356BEC616FF8F8300F7A031 /* MarshmallowTests */,
			);
		};
/* End PBXProject section */

/* Begin PBXResourcesBuildPhase section */
		C356BEA016FF8F8300F7A031 /* Resources */ = {
			isa = PBXResourcesBuildPhase;
			buildActionMask = 2147483647;
			files = (
				C356BEF316FF93CA00F7A031 /* Default-568h@2x.png in Resources */,
				C356BEF416FF93CA00F7A031 /* Default.png in Resources */,
				C356BEF516FF93CA00F7A031 /* Default@2x.png in Resources */,
				C356BEF616FF93CA00F7A031 /* InfoPlist.strings in Resources */,
				C356BF0216FF9ACD00F7A031 /* Podfile in Resources */,
				C356BF0316FF9ACD00F7A031 /* readme.markdown in Resources */,
				C356BF1F16FFAA5F00F7A031 /* RobotoCondensed-Bold.ttf in Resources */,
				C356BF2016FFAA5F00F7A031 /* RobotoCondensed-BoldItalic.ttf in Resources */,
				C356BF2116FFAA5F00F7A031 /* RobotoCondensed-Italic.ttf in Resources */,
				C356BF2216FFAA5F00F7A031 /* RobotoCondensed-Light.ttf in Resources */,
				C356BF2316FFAA5F00F7A031 /* RobotoCondensed-LightItalic.ttf in Resources */,
				C356BF2416FFAA5F00F7A031 /* RobotoCondensed-Regular.ttf in Resources */,
				C3FD9E5F16FFBF710099E595 /* APIKeys.plist in Resources */,
				C3EBE2CA1709FC1000B92281 /* Icon-72.png in Resources */,
				C3EBE2CB1709FC1000B92281 /* Icon-72@2x.png in Resources */,
				C3EBE2CC1709FC1000B92281 /* Icon-Small-50.png in Resources */,
				C3EBE2CD1709FC1000B92281 /* Icon-Small-50@2x.png in Resources */,
				C3EBE2CE1709FC1000B92281 /* Icon-Small.png in Resources */,
				C3EBE2CF1709FC1000B92281 /* Icon-Small@2x.png in Resources */,
				C3EBE2D01709FC1000B92281 /* Icon.png in Resources */,
				C3EBE2D11709FC1000B92281 /* Icon@2x.png in Resources */,
				C3EBE2D21709FC1000B92281 /* iTunesArtwork.png in Resources */,
				C3EBE2D31709FC1000B92281 /* iTunesArtwork@2x.png in Resources */,
			);
			runOnlyForDeploymentPostprocessing = 0;
		};
		C356BEC416FF8F8300F7A031 /* Resources */ = {
			isa = PBXResourcesBuildPhase;
			buildActionMask = 2147483647;
			files = (
				C356BED416FF8F8300F7A031 /* InfoPlist.strings in Resources */,
			);
			runOnlyForDeploymentPostprocessing = 0;
		};
/* End PBXResourcesBuildPhase section */

/* Begin PBXShellScriptBuildPhase section */
		BBDC5702774B48B6B72F1DC8 /* Copy Pods Resources */ = {
			isa = PBXShellScriptBuildPhase;
			buildActionMask = 2147483647;
			files = (
			);
			inputPaths = (
			);
			name = "Copy Pods Resources";
			outputPaths = (
			);
			runOnlyForDeploymentPostprocessing = 0;
			shellPath = /bin/sh;
			shellScript = "\"${SRCROOT}/Pods/Pods-test-resources.sh\"\n";
		};
		C33108B217073C1D00459FC7 /* ShellScript */ = {
			isa = PBXShellScriptBuildPhase;
			buildActionMask = 2147483647;
			files = (
			);
			inputPaths = (
			);
			outputPaths = (
			);
			runOnlyForDeploymentPostprocessing = 0;
			shellPath = /bin/bash;
			shellScript = "/usr/local/bin/appledoc --project-name Marshmallow --project-company \"Ben Kreeger\" --company-id gr.kree --output ~/help --logformat xcode --ignore Pods --exit-threshold 2 .";
		};
		C356BEC516FF8F8300F7A031 /* ShellScript */ = {
			isa = PBXShellScriptBuildPhase;
			buildActionMask = 2147483647;
			files = (
			);
			inputPaths = (
			);
			outputPaths = (
			);
			runOnlyForDeploymentPostprocessing = 0;
			shellPath = /bin/sh;
			shellScript = "# Run the unit tests in this test bundle.\n\"${SYSTEM_DEVELOPER_DIR}/Tools/RunUnitTests\"\n";
		};
		F1332C83A1964880BEEE1D76 /* Copy Pods Resources */ = {
			isa = PBXShellScriptBuildPhase;
			buildActionMask = 2147483647;
			files = (
			);
			inputPaths = (
			);
			name = "Copy Pods Resources";
			outputPaths = (
			);
			runOnlyForDeploymentPostprocessing = 0;
			shellPath = /bin/sh;
			shellScript = "\"${SRCROOT}/Pods/Pods-resources.sh\"\n";
		};
/* End PBXShellScriptBuildPhase section */

/* Begin PBXSourcesBuildPhase section */
		C356BE9E16FF8F8300F7A031 /* Sources */ = {
			isa = PBXSourcesBuildPhase;
			buildActionMask = 2147483647;
			files = (
				C356BEF016FF93CA00F7A031 /* BDKAppDelegate.m in Sources */,
				C356BEF116FF93CA00F7A031 /* main.m in Sources */,
				C356BEF216FF93CA00F7A031 /* Marshmallow.xcdatamodeld in Sources */,
				C356BEFA16FF971300F7A031 /* BDKLog.m in Sources */,
				C356BEFF16FF998E00F7A031 /* BDKViewController.m in Sources */,
				C356BF0616FF9BC600F7A031 /* BDKCollectionViewController.m in Sources */,
				C356BF0916FF9E0100F7A031 /* BDKTableViewController.m in Sources */,
				C356BF0D16FFA02D00F7A031 /* BDKLoginViewController.m in Sources */,
				C356BF1216FFA4C800F7A031 /* BDKTextFieldCell.m in Sources */,
				C356BF1616FFA6B100F7A031 /* UIFont+App.m in Sources */,
				C3FD9E4B16FFB7530099E595 /* BDKCampfireClient.m in Sources */,
				C3FD9E4E16FFB78D0099E595 /* BDKAPIClient.m in Sources */,
				C3FD9E5516FFB84A0099E595 /* NSString+BDKKit.m in Sources */,
				C3FD9E5A16FFBAF00099E595 /* BDKWebViewController.m in Sources */,
				C3FD9E6216FFEACC0099E595 /* BDKAPIKeyManager.m in Sources */,
				C3FD9E6516FFEF7A0099E595 /* BDKLaunchpadClient.m in Sources */,
				C3632ECA17013A4A0028C794 /* BDKRoomsViewController.m in Sources */,
				C3632ECD17013A750028C794 /* UINavigationController+BDKKit.m in Sources */,
				C31776EC170259CA0010DE26 /* BDKCFModel.m in Sources */,
				C31776EF170259D70010DE26 /* BDKCFUser.m in Sources */,
				C31776F2170260CE0010DE26 /* BDKLPAuthorizationData.m in Sources */,
				C31776F5170261450010DE26 /* BDKLPIdentity.m in Sources */,
				C31776F8170262130010DE26 /* BDKLPAccount.m in Sources */,
				C31776FB170284CE0010DE26 /* BDKCFUpload.m in Sources */,
				C31776FE170288690010DE26 /* BDKCFRoom.m in Sources */,
				C317770117028B870010DE26 /* BDKCFMessage.m in Sources */,
				C317770617028F3F0010DE26 /* BDKCFAccount.m in Sources */,
				C36819DE17079DCB002C6742 /* BDKModel.m in Sources */,
				C36819FC17079DE4002C6742 /* BDKAccount.m in Sources */,
				C36819FD17079DE4002C6742 /* BDKIdentity.m in Sources */,
				C36819FE17079DE4002C6742 /* BDKLaunchpadAccount.m in Sources */,
				C36819FF17079DE4002C6742 /* BDKMessage.m in Sources */,
				C3681A0017079DE4002C6742 /* BDKRoom.m in Sources */,
				C3681A0117079DE4002C6742 /* BDKUpload.m in Sources */,
				C3681A0217079DE4002C6742 /* BDKUser.m in Sources */,
				C3681A0317079DE4002C6742 /* _BDKAccount.m in Sources */,
				C3681A0417079DE4002C6742 /* _BDKIdentity.m in Sources */,
				C3681A0517079DE4002C6742 /* _BDKLaunchpadAccount.m in Sources */,
				C3681A0617079DE4002C6742 /* _BDKMessage.m in Sources */,
				C3681A0717079DE4002C6742 /* _BDKRoom.m in Sources */,
				C3681A0817079DE4002C6742 /* _BDKUpload.m in Sources */,
				C3681A0917079DE4002C6742 /* _BDKUser.m in Sources */,
				C3966E9F170B9D2D00ED89B7 /* BDKRoomCollectionCell.m in Sources */,
				C3966EA2170BA96B00ED89B7 /* BDKGradientView.m in Sources */,
			);
			runOnlyForDeploymentPostprocessing = 0;
		};
		C356BEC216FF8F8300F7A031 /* Sources */ = {
			isa = PBXSourcesBuildPhase;
			buildActionMask = 2147483647;
			files = (
				C356BED716FF8F8300F7A031 /* MarshmallowTests.m in Sources */,
			);
			runOnlyForDeploymentPostprocessing = 0;
		};
/* End PBXSourcesBuildPhase section */

/* Begin PBXTargetDependency section */
		C356BECE16FF8F8300F7A031 /* PBXTargetDependency */ = {
			isa = PBXTargetDependency;
			target = C356BEA116FF8F8300F7A031 /* Marshmallow */;
			targetProxy = C356BECD16FF8F8300F7A031 /* PBXContainerItemProxy */;
		};
/* End PBXTargetDependency section */

/* Begin PBXVariantGroup section */
		C356BED216FF8F8300F7A031 /* InfoPlist.strings */ = {
			isa = PBXVariantGroup;
			children = (
				C356BED316FF8F8300F7A031 /* en */,
			);
			name = InfoPlist.strings;
			sourceTree = "<group>";
		};
		C356BEED16FF93CA00F7A031 /* InfoPlist.strings */ = {
			isa = PBXVariantGroup;
			children = (
				C356BEEE16FF93CA00F7A031 /* en */,
			);
			name = InfoPlist.strings;
			sourceTree = "<group>";
		};
/* End PBXVariantGroup section */

/* Begin XCBuildConfiguration section */
		C356BED816FF8F8300F7A031 /* Debug */ = {
			isa = XCBuildConfiguration;
			buildSettings = {
				ALWAYS_SEARCH_USER_PATHS = NO;
				CLANG_CXX_LANGUAGE_STANDARD = "gnu++0x";
				CLANG_CXX_LIBRARY = "libc++";
				CLANG_ENABLE_OBJC_ARC = YES;
				CLANG_WARN_CONSTANT_CONVERSION = YES;
				CLANG_WARN_EMPTY_BODY = YES;
				CLANG_WARN_ENUM_CONVERSION = YES;
				CLANG_WARN_INT_CONVERSION = YES;
				CLANG_WARN__DUPLICATE_METHOD_MATCH = YES;
				"CODE_SIGN_IDENTITY[sdk=iphoneos*]" = "iPhone Developer";
				COPY_PHASE_STRIP = NO;
				GCC_C_LANGUAGE_STANDARD = gnu99;
				GCC_DYNAMIC_NO_PIC = NO;
				GCC_OPTIMIZATION_LEVEL = 0;
				GCC_PREPROCESSOR_DEFINITIONS = (
					"DEBUG=1",
					"$(inherited)",
				);
				GCC_SYMBOLS_PRIVATE_EXTERN = NO;
				GCC_WARN_ABOUT_RETURN_TYPE = YES;
				GCC_WARN_UNINITIALIZED_AUTOS = YES;
				GCC_WARN_UNUSED_VARIABLE = YES;
				IPHONEOS_DEPLOYMENT_TARGET = 6.1;
				ONLY_ACTIVE_ARCH = YES;
				SDKROOT = iphoneos;
				TARGETED_DEVICE_FAMILY = "1,2";
			};
			name = Debug;
		};
		C356BED916FF8F8300F7A031 /* Release */ = {
			isa = XCBuildConfiguration;
			buildSettings = {
				ALWAYS_SEARCH_USER_PATHS = NO;
				CLANG_CXX_LANGUAGE_STANDARD = "gnu++0x";
				CLANG_CXX_LIBRARY = "libc++";
				CLANG_ENABLE_OBJC_ARC = YES;
				CLANG_WARN_CONSTANT_CONVERSION = YES;
				CLANG_WARN_EMPTY_BODY = YES;
				CLANG_WARN_ENUM_CONVERSION = YES;
				CLANG_WARN_INT_CONVERSION = YES;
				CLANG_WARN__DUPLICATE_METHOD_MATCH = YES;
				"CODE_SIGN_IDENTITY[sdk=iphoneos*]" = "iPhone Developer";
				COPY_PHASE_STRIP = YES;
				GCC_C_LANGUAGE_STANDARD = gnu99;
				GCC_WARN_ABOUT_RETURN_TYPE = YES;
				GCC_WARN_UNINITIALIZED_AUTOS = YES;
				GCC_WARN_UNUSED_VARIABLE = YES;
				IPHONEOS_DEPLOYMENT_TARGET = 6.1;
				OTHER_CFLAGS = "-DNS_BLOCK_ASSERTIONS=1";
				SDKROOT = iphoneos;
				TARGETED_DEVICE_FAMILY = "1,2";
				VALIDATE_PRODUCT = YES;
			};
			name = Release;
		};
		C356BEDB16FF8F8300F7A031 /* Debug */ = {
			isa = XCBuildConfiguration;
			baseConfigurationReference = ACAE2580D4154BEE81C50205 /* Pods.xcconfig */;
			buildSettings = {
				GCC_PRECOMPILE_PREFIX_HEADER = YES;
				GCC_PREFIX_HEADER = Classes/Core/Prefix.pch;
				INFOPLIST_FILE = "$(SRCROOT)/Resources/Info.plist";
				IPHONEOS_DEPLOYMENT_TARGET = 6.0;
				PRODUCT_NAME = "$(TARGET_NAME)";
				WRAPPER_EXTENSION = app;
			};
			name = Debug;
		};
		C356BEDC16FF8F8300F7A031 /* Release */ = {
			isa = XCBuildConfiguration;
			baseConfigurationReference = ACAE2580D4154BEE81C50205 /* Pods.xcconfig */;
			buildSettings = {
				GCC_PRECOMPILE_PREFIX_HEADER = YES;
				GCC_PREFIX_HEADER = Classes/Core/Prefix.pch;
				INFOPLIST_FILE = "$(SRCROOT)/Resources/Info.plist";
				IPHONEOS_DEPLOYMENT_TARGET = 6.0;
				PRODUCT_NAME = "$(TARGET_NAME)";
				WRAPPER_EXTENSION = app;
			};
			name = Release;
		};
		C356BEDE16FF8F8300F7A031 /* Debug */ = {
			isa = XCBuildConfiguration;
			baseConfigurationReference = F486934224C74CAEBE244C89 /* Pods-test.xcconfig */;
			buildSettings = {
				BUNDLE_LOADER = "$(BUILT_PRODUCTS_DIR)/Marshmallow.app/Marshmallow";
				FRAMEWORK_SEARCH_PATHS = (
					"\"$(SDKROOT)/Developer/Library/Frameworks\"",
					"\"$(DEVELOPER_LIBRARY_DIR)/Frameworks\"",
				);
				GCC_PRECOMPILE_PREFIX_HEADER = YES;
				GCC_PREFIX_HEADER = Classes/Core/Prefix.pch;
				INFOPLIST_FILE = "MarshmallowTests/MarshmallowTests-Info.plist";
				PRODUCT_NAME = "$(TARGET_NAME)";
				TEST_HOST = "$(BUNDLE_LOADER)";
				WRAPPER_EXTENSION = octest;
			};
			name = Debug;
		};
		C356BEDF16FF8F8300F7A031 /* Release */ = {
			isa = XCBuildConfiguration;
			baseConfigurationReference = F486934224C74CAEBE244C89 /* Pods-test.xcconfig */;
			buildSettings = {
				BUNDLE_LOADER = "$(BUILT_PRODUCTS_DIR)/Marshmallow.app/Marshmallow";
				FRAMEWORK_SEARCH_PATHS = (
					"\"$(SDKROOT)/Developer/Library/Frameworks\"",
					"\"$(DEVELOPER_LIBRARY_DIR)/Frameworks\"",
				);
				GCC_PRECOMPILE_PREFIX_HEADER = YES;
				GCC_PREFIX_HEADER = Classes/Core/Prefix.pch;
				INFOPLIST_FILE = "MarshmallowTests/MarshmallowTests-Info.plist";
				PRODUCT_NAME = "$(TARGET_NAME)";
				TEST_HOST = "$(BUNDLE_LOADER)";
				WRAPPER_EXTENSION = octest;
			};
			name = Release;
		};
/* End XCBuildConfiguration section */

/* Begin XCConfigurationList section */
		C356BE9D16FF8F8300F7A031 /* Build configuration list for PBXProject "Marshmallow" */ = {
			isa = XCConfigurationList;
			buildConfigurations = (
				C356BED816FF8F8300F7A031 /* Debug */,
				C356BED916FF8F8300F7A031 /* Release */,
			);
			defaultConfigurationIsVisible = 0;
			defaultConfigurationName = Release;
		};
		C356BEDA16FF8F8300F7A031 /* Build configuration list for PBXNativeTarget "Marshmallow" */ = {
			isa = XCConfigurationList;
			buildConfigurations = (
				C356BEDB16FF8F8300F7A031 /* Debug */,
				C356BEDC16FF8F8300F7A031 /* Release */,
			);
			defaultConfigurationIsVisible = 0;
			defaultConfigurationName = Release;
		};
		C356BEDD16FF8F8300F7A031 /* Build configuration list for PBXNativeTarget "MarshmallowTests" */ = {
			isa = XCConfigurationList;
			buildConfigurations = (
				C356BEDE16FF8F8300F7A031 /* Debug */,
				C356BEDF16FF8F8300F7A031 /* Release */,
			);
			defaultConfigurationIsVisible = 0;
			defaultConfigurationName = Release;
		};
/* End XCConfigurationList section */

/* Begin XCVersionGroup section */
		C356BEE716FF93CA00F7A031 /* Marshmallow.xcdatamodeld */ = {
			isa = XCVersionGroup;
			children = (
				C356BEE816FF93CA00F7A031 /* Marshmallow.xcdatamodel */,
			);
			currentVersion = C356BEE816FF93CA00F7A031 /* Marshmallow.xcdatamodel */;
			path = Marshmallow.xcdatamodeld;
			sourceTree = "<group>";
			versionGroupType = wrapper.xcdatamodel;
		};
/* End XCVersionGroup section */
	};
	rootObject = C356BE9A16FF8F8300F7A031 /* Project object */;
}
